// !$*UTF8*$!
{
	archiveVersion = 1;
	classes = {
	};
	objectVersion = 46;
	objects = {

/* Begin PBXBuildFile section */
		7401B1EC1BEA6BF300190EDC /* tommath.c in Sources */ = {isa = PBXBuildFile; fileRef = 7401B1E81BEA6BF300190EDC /* tommath.c */; };
		744916581B442E4100D37FBE /* main.swift in Sources */ = {isa = PBXBuildFile; fileRef = 744916571B442E4100D37FBE /* main.swift */; };
		74DA9DA11B8900C40013FCCB /* SwiftBigInteger.swift in Sources */ = {isa = PBXBuildFile; fileRef = 74DA9D9F1B8900C40013FCCB /* SwiftBigInteger.swift */; };
		74DA9DA21B8900C40013FCCB /* SwiftBigIntOperators.swift in Sources */ = {isa = PBXBuildFile; fileRef = 74DA9DA01B8900C40013FCCB /* SwiftBigIntOperators.swift */; };
		74DA9DC01B8904E40013FCCB /* SwiftBigDecimal.swift in Sources */ = {isa = PBXBuildFile; fileRef = 74DA9DBF1B8904E40013FCCB /* SwiftBigDecimal.swift */; };
		74DA9DC31B89058B0013FCCB /* SwiftBigDecimalOperators.swift in Sources */ = {isa = PBXBuildFile; fileRef = 74DA9DC21B89058B0013FCCB /* SwiftBigDecimalOperators.swift */; };
/* End PBXBuildFile section */

/* Begin PBXCopyFilesBuildPhase section */
		744916521B442E4100D37FBE /* CopyFiles */ = {
			isa = PBXCopyFilesBuildPhase;
			buildActionMask = 2147483647;
			dstPath = /usr/share/man/man1/;
			dstSubfolderSpec = 0;
			files = (
			);
			runOnlyForDeploymentPostprocessing = 1;
		};
/* End PBXCopyFilesBuildPhase section */

/* Begin PBXFileReference section */
		7401B1E81BEA6BF300190EDC /* tommath.c */ = {isa = PBXFileReference; fileEncoding = 4; lastKnownFileType = sourcecode.c.c; path = tommath.c; sourceTree = "<group>"; };
		7401B1E91BEA6BF300190EDC /* tommath.h */ = {isa = PBXFileReference; fileEncoding = 4; lastKnownFileType = sourcecode.c.h; path = tommath.h; sourceTree = "<group>"; };
		7401B1EA1BEA6BF300190EDC /* tommath_class.h */ = {isa = PBXFileReference; fileEncoding = 4; lastKnownFileType = sourcecode.c.h; path = tommath_class.h; sourceTree = "<group>"; };
		7401B1EB1BEA6BF300190EDC /* tommath_superclass.h */ = {isa = PBXFileReference; fileEncoding = 4; lastKnownFileType = sourcecode.c.h; path = tommath_superclass.h; sourceTree = "<group>"; };
		744916541B442E4100D37FBE /* SwiftBigInt */ = {isa = PBXFileReference; explicitFileType = "compiled.mach-o.executable"; includeInIndex = 0; path = SwiftBigInt; sourceTree = BUILT_PRODUCTS_DIR; };
		744916571B442E4100D37FBE /* main.swift */ = {isa = PBXFileReference; lastKnownFileType = sourcecode.swift; path = main.swift; sourceTree = "<group>"; };
		74DA9D9F1B8900C40013FCCB /* SwiftBigInteger.swift */ = {isa = PBXFileReference; fileEncoding = 4; lastKnownFileType = sourcecode.swift; path = SwiftBigInteger.swift; sourceTree = "<group>"; };
		74DA9DA01B8900C40013FCCB /* SwiftBigIntOperators.swift */ = {isa = PBXFileReference; fileEncoding = 4; lastKnownFileType = sourcecode.swift; path = SwiftBigIntOperators.swift; sourceTree = "<group>"; };
		74DA9DB11B89022A0013FCCB /* SwiftBigInt-Bridging-Header.h */ = {isa = PBXFileReference; lastKnownFileType = sourcecode.c.h; path = "SwiftBigInt-Bridging-Header.h"; sourceTree = "<group>"; };
		74DA9DBF1B8904E40013FCCB /* SwiftBigDecimal.swift */ = {isa = PBXFileReference; fileEncoding = 4; lastKnownFileType = sourcecode.swift; name = SwiftBigDecimal.swift; path = SwiftBigDecimal/SwiftBigDecimal.swift; sourceTree = "<group>"; };
		74DA9DC21B89058B0013FCCB /* SwiftBigDecimalOperators.swift */ = {isa = PBXFileReference; fileEncoding = 4; lastKnownFileType = sourcecode.swift; name = SwiftBigDecimalOperators.swift; path = SwiftBigDecimal/SwiftBigDecimalOperators.swift; sourceTree = "<group>"; };
/* End PBXFileReference section */

/* Begin PBXFrameworksBuildPhase section */
		744916511B442E4100D37FBE /* Frameworks */ = {
			isa = PBXFrameworksBuildPhase;
			buildActionMask = 2147483647;
			files = (
			);
			runOnlyForDeploymentPostprocessing = 0;
		};
/* End PBXFrameworksBuildPhase section */

/* Begin PBXGroup section */
		7401B1E71BEA6BF300190EDC /* LibTomMath */ = {
			isa = PBXGroup;
			children = (
				7401B1E81BEA6BF300190EDC /* tommath.c */,
				7401B1E91BEA6BF300190EDC /* tommath.h */,
				7401B1EA1BEA6BF300190EDC /* tommath_class.h */,
				7401B1EB1BEA6BF300190EDC /* tommath_superclass.h */,
			);
			path = LibTomMath;
			sourceTree = "<group>";
		};
		7449164B1B442E4100D37FBE = {
			isa = PBXGroup;
			children = (
				744916561B442E4100D37FBE /* SwiftBigInt */,
				744916551B442E4100D37FBE /* Products */,
			);
			sourceTree = "<group>";
		};
		744916551B442E4100D37FBE /* Products */ = {
			isa = PBXGroup;
			children = (
				744916541B442E4100D37FBE /* SwiftBigInt */,
			);
			name = Products;
			sourceTree = "<group>";
		};
		744916561B442E4100D37FBE /* SwiftBigInt */ = {
			isa = PBXGroup;
			children = (
				74DA9D9E1B8900C40013FCCB /* SwiftBigInteger */,
				74DA9DC11B8904ED0013FCCB /* SwiftBigDecimal */,
				744916571B442E4100D37FBE /* main.swift */,
				74DA9DB11B89022A0013FCCB /* SwiftBigInt-Bridging-Header.h */,
				7401B1E71BEA6BF300190EDC /* LibTomMath */,
			);
			path = SwiftBigInt;
			sourceTree = "<group>";
		};
		74DA9D9E1B8900C40013FCCB /* SwiftBigInteger */ = {
			isa = PBXGroup;
			children = (
				74DA9D9F1B8900C40013FCCB /* SwiftBigInteger.swift */,
				74DA9DA01B8900C40013FCCB /* SwiftBigIntOperators.swift */,
			);
			path = SwiftBigInteger;
			sourceTree = "<group>";
		};
		74DA9DC11B8904ED0013FCCB /* SwiftBigDecimal */ = {
			isa = PBXGroup;
			children = (
				74DA9DBF1B8904E40013FCCB /* SwiftBigDecimal.swift */,
				74DA9DC21B89058B0013FCCB /* SwiftBigDecimalOperators.swift */,
			);
			name = SwiftBigDecimal;
			sourceTree = "<group>";
		};
/* End PBXGroup section */

/* Begin PBXNativeTarget section */
		744916531B442E4100D37FBE /* SwiftBigInt */ = {
			isa = PBXNativeTarget;
			buildConfigurationList = 7449165B1B442E4100D37FBE /* Build configuration list for PBXNativeTarget "SwiftBigInt" */;
			buildPhases = (
				744916501B442E4100D37FBE /* Sources */,
				744916511B442E4100D37FBE /* Frameworks */,
				744916521B442E4100D37FBE /* CopyFiles */,
			);
			buildRules = (
			);
			dependencies = (
			);
			name = SwiftBigInt;
			productName = SwiftBigInt;
			productReference = 744916541B442E4100D37FBE /* SwiftBigInt */;
			productType = "com.apple.product-type.tool";
		};
/* End PBXNativeTarget section */

/* Begin PBXProject section */
		7449164C1B442E4100D37FBE /* Project object */ = {
			isa = PBXProject;
			attributes = {
				LastUpgradeCheck = 0700;
				ORGANIZATIONNAME = "Erik Little";
				TargetAttributes = {
					744916531B442E4100D37FBE = {
						CreatedOnToolsVersion = 7.0;
					};
				};
			};
			buildConfigurationList = 7449164F1B442E4100D37FBE /* Build configuration list for PBXProject "SwiftBigInt" */;
			compatibilityVersion = "Xcode 3.2";
			developmentRegion = English;
			hasScannedForEncodings = 0;
			knownRegions = (
				en,
			);
			mainGroup = 7449164B1B442E4100D37FBE;
			productRefGroup = 744916551B442E4100D37FBE /* Products */;
			projectDirPath = "";
			projectRoot = "";
			targets = (
				744916531B442E4100D37FBE /* SwiftBigInt */,
			);
		};
/* End PBXProject section */

/* Begin PBXSourcesBuildPhase section */
		744916501B442E4100D37FBE /* Sources */ = {
			isa = PBXSourcesBuildPhase;
			buildActionMask = 2147483647;
			files = (
				74DA9DC01B8904E40013FCCB /* SwiftBigDecimal.swift in Sources */,
				74DA9DA11B8900C40013FCCB /* SwiftBigInteger.swift in Sources */,
				74DA9DA21B8900C40013FCCB /* SwiftBigIntOperators.swift in Sources */,
				744916581B442E4100D37FBE /* main.swift in Sources */,
				7401B1EC1BEA6BF300190EDC /* tommath.c in Sources */,
				74DA9DC31B89058B0013FCCB /* SwiftBigDecimalOperators.swift in Sources */,
			);
			runOnlyForDeploymentPostprocessing = 0;
		};
/* End PBXSourcesBuildPhase section */

/* Begin XCBuildConfiguration section */
		744916591B442E4100D37FBE /* Debug */ = {
			isa = XCBuildConfiguration;
			buildSettings = {
				ALWAYS_SEARCH_USER_PATHS = NO;
				CLANG_CXX_LANGUAGE_STANDARD = "gnu++0x";
				CLANG_CXX_LIBRARY = "libc++";
				CLANG_ENABLE_MODULES = YES;
				CLANG_ENABLE_OBJC_ARC = YES;
				CLANG_WARN_BOOL_CONVERSION = YES;
				CLANG_WARN_CONSTANT_CONVERSION = YES;
				CLANG_WARN_DIRECT_OBJC_ISA_USAGE = YES_ERROR;
				CLANG_WARN_EMPTY_BODY = YES;
				CLANG_WARN_ENUM_CONVERSION = YES;
				CLANG_WARN_INT_CONVERSION = YES;
				CLANG_WARN_OBJC_ROOT_CLASS = YES_ERROR;
				CLANG_WARN_UNREACHABLE_CODE = YES;
				CLANG_WARN__DUPLICATE_METHOD_MATCH = YES;
				COPY_PHASE_STRIP = NO;
				DEBUG_INFORMATION_FORMAT = dwarf;
				ENABLE_STRICT_OBJC_MSGSEND = YES;
				ENABLE_TESTABILITY = YES;
				GCC_C_LANGUAGE_STANDARD = gnu99;
				GCC_DYNAMIC_NO_PIC = NO;
				GCC_NO_COMMON_BLOCKS = YES;
				GCC_OPTIMIZATION_LEVEL = 0;
				GCC_PREPROCESSOR_DEFINITIONS = (
					"DEBUG=1",
					"$(inherited)",
				);
				GCC_WARN_64_TO_32_BIT_CONVERSION = YES;
				GCC_WARN_ABOUT_RETURN_TYPE = YES_ERROR;
				GCC_WARN_UNDECLARED_SELECTOR = YES;
				GCC_WARN_UNINITIALIZED_AUTOS = YES_AGGRESSIVE;
				GCC_WARN_UNUSED_FUNCTION = YES;
				GCC_WARN_UNUSED_VARIABLE = YES;
				MACOSX_DEPLOYMENT_TARGET = 10.10;
				MTL_ENABLE_DEBUG_INFO = YES;
				ONLY_ACTIVE_ARCH = YES;
				SDKROOT = macosx;
				SWIFT_OPTIMIZATION_LEVEL = "-Onone";
			};
			name = Debug;
		};
		7449165A1B442E4100D37FBE /* Release */ = {
			isa = XCBuildConfiguration;
			buildSettings = {
				ALWAYS_SEARCH_USER_PATHS = NO;
				CLANG_CXX_LANGUAGE_STANDARD = "gnu++0x";
				CLANG_CXX_LIBRARY = "libc++";
				CLANG_ENABLE_MODULES = YES;
				CLANG_ENABLE_OBJC_ARC = YES;
				CLANG_WARN_BOOL_CONVERSION = YES;
				CLANG_WARN_CONSTANT_CONVERSION = YES;
				CLANG_WARN_DIRECT_OBJC_ISA_USAGE = YES_ERROR;
				CLANG_WARN_EMPTY_BODY = YES;
				CLANG_WARN_ENUM_CONVERSION = YES;
				CLANG_WARN_INT_CONVERSION = YES;
				CLANG_WARN_OBJC_ROOT_CLASS = YES_ERROR;
				CLANG_WARN_UNREACHABLE_CODE = YES;
				CLANG_WARN__DUPLICATE_METHOD_MATCH = YES;
				COPY_PHASE_STRIP = NO;
				DEBUG_INFORMATION_FORMAT = "dwarf-with-dsym";
				ENABLE_NS_ASSERTIONS = NO;
				ENABLE_STRICT_OBJC_MSGSEND = YES;
				GCC_C_LANGUAGE_STANDARD = gnu99;
				GCC_NO_COMMON_BLOCKS = YES;
				GCC_WARN_64_TO_32_BIT_CONVERSION = YES;
				GCC_WARN_ABOUT_RETURN_TYPE = YES_ERROR;
				GCC_WARN_UNDECLARED_SELECTOR = YES;
				GCC_WARN_UNINITIALIZED_AUTOS = YES_AGGRESSIVE;
				GCC_WARN_UNUSED_FUNCTION = YES;
				GCC_WARN_UNUSED_VARIABLE = YES;
				MACOSX_DEPLOYMENT_TARGET = 10.10;
				MTL_ENABLE_DEBUG_INFO = NO;
				SDKROOT = macosx;
			};
			name = Release;
		};
		7449165C1B442E4100D37FBE /* Debug */ = {
			isa = XCBuildConfiguration;
			buildSettings = {
				GCC_OPTIMIZATION_LEVEL = fast;
				PRODUCT_NAME = "$(TARGET_NAME)";
				SWIFT_OBJC_BRIDGING_HEADER = "SwiftBigInt/SwiftBigInt-Bridging-Header.h";
				SWIFT_OPTIMIZATION_LEVEL = "-Onone";
			};
			name = Debug;
		};
		7449165D1B442E4100D37FBE /* Release */ = {
			isa = XCBuildConfiguration;
			buildSettings = {
				GCC_OPTIMIZATION_LEVEL = fast;
				PRODUCT_NAME = "$(TARGET_NAME)";
				SWIFT_OBJC_BRIDGING_HEADER = "SwiftBigInt/SwiftBigInt-Bridging-Header.h";
				SWIFT_OPTIMIZATION_LEVEL = "-Onone";
			};
			name = Release;
		};
/* End XCBuildConfiguration section */

/* Begin XCConfigurationList section */
		7449164F1B442E4100D37FBE /* Build configuration list for PBXProject "SwiftBigInt" */ = {
			isa = XCConfigurationList;
			buildConfigurations = (
				744916591B442E4100D37FBE /* Debug */,
				7449165A1B442E4100D37FBE /* Release */,
			);
			defaultConfigurationIsVisible = 0;
			defaultConfigurationName = Release;
		};
		7449165B1B442E4100D37FBE /* Build configuration list for PBXNativeTarget "SwiftBigInt" */ = {
			isa = XCConfigurationList;
			buildConfigurations = (
				7449165C1B442E4100D37FBE /* Debug */,
				7449165D1B442E4100D37FBE /* Release */,
			);
			defaultConfigurationIsVisible = 0;
			defaultConfigurationName = Release;
		};
/* End XCConfigurationList section */
	};
	rootObject = 7449164C1B442E4100D37FBE /* Project object */;
}
