// !$*UTF8*$!
{
	archiveVersion = 1;
	classes = {
	};
	objectVersion = 46;
	objects = {

/* Begin PBXBuildFile section */
		OBJ_28 /* SwiftBigDecimal.swift in Sources */ = {isa = PBXBuildFile; fileRef = OBJ_10 /* SwiftBigDecimal.swift */; };
		OBJ_29 /* SwiftBigDecimalOperators.swift in Sources */ = {isa = PBXBuildFile; fileRef = OBJ_11 /* SwiftBigDecimalOperators.swift */; };
		OBJ_30 /* SwiftBigInteger.swift in Sources */ = {isa = PBXBuildFile; fileRef = OBJ_13 /* SwiftBigInteger.swift */; };
		OBJ_31 /* SwiftBigIntOperators.swift in Sources */ = {isa = PBXBuildFile; fileRef = OBJ_14 /* SwiftBigIntOperators.swift */; };
		OBJ_38 /* TestSwiftBigInt.swift in Sources */ = {isa = PBXBuildFile; fileRef = OBJ_17 /* TestSwiftBigInt.swift */; };
		OBJ_40 /* SwiftBigInt.framework in Frameworks */ = {isa = PBXBuildFile; fileRef = OBJ_21 /* SwiftBigInt.framework */; };
/* End PBXBuildFile section */

/* Begin PBXContainerItemProxy section */
		74DAF1FD1EDC53750005ED1A /* PBXContainerItemProxy */ = {
			isa = PBXContainerItemProxy;
			containerPortal = OBJ_1 /* Project object */;
			proxyType = 1;
			remoteGlobalIDString = OBJ_23;
			remoteInfo = SwiftBigInt;
		};
/* End PBXContainerItemProxy section */

/* Begin PBXFileReference section */
		OBJ_10 /* SwiftBigDecimal.swift */ = {isa = PBXFileReference; lastKnownFileType = sourcecode.swift; path = SwiftBigDecimal.swift; sourceTree = "<group>"; };
		OBJ_11 /* SwiftBigDecimalOperators.swift */ = {isa = PBXFileReference; lastKnownFileType = sourcecode.swift; path = SwiftBigDecimalOperators.swift; sourceTree = "<group>"; };
		OBJ_13 /* SwiftBigInteger.swift */ = {isa = PBXFileReference; lastKnownFileType = sourcecode.swift; path = SwiftBigInteger.swift; sourceTree = "<group>"; };
		OBJ_14 /* SwiftBigIntOperators.swift */ = {isa = PBXFileReference; lastKnownFileType = sourcecode.swift; path = SwiftBigIntOperators.swift; sourceTree = "<group>"; };
		OBJ_17 /* TestSwiftBigInt.swift */ = {isa = PBXFileReference; lastKnownFileType = sourcecode.swift; path = TestSwiftBigInt.swift; sourceTree = "<group>"; };
		OBJ_21 /* SwiftBigInt.framework */ = {isa = PBXFileReference; explicitFileType = wrapper.framework; path = SwiftBigInt.framework; sourceTree = BUILT_PRODUCTS_DIR; };
		OBJ_22 /* SwiftBigIntTests.xctest */ = {isa = PBXFileReference; lastKnownFileType = file; path = SwiftBigIntTests.xctest; sourceTree = BUILT_PRODUCTS_DIR; };
		OBJ_6 /* Package.swift */ = {isa = PBXFileReference; explicitFileType = sourcecode.swift; path = Package.swift; sourceTree = "<group>"; };
/* End PBXFileReference section */

/* Begin PBXFrameworksBuildPhase section */
		OBJ_32 /* Frameworks */ = {
			isa = PBXFrameworksBuildPhase;
			buildActionMask = 0;
			files = (
			);
			runOnlyForDeploymentPostprocessing = 0;
		};
		OBJ_39 /* Frameworks */ = {
			isa = PBXFrameworksBuildPhase;
			buildActionMask = 0;
			files = (
				OBJ_40 /* SwiftBigInt.framework in Frameworks */,
			);
			runOnlyForDeploymentPostprocessing = 0;
		};
/* End PBXFrameworksBuildPhase section */

/* Begin PBXGroup section */
		OBJ_12 /* SwiftBigInteger */ = {
			isa = PBXGroup;
			children = (
				OBJ_13 /* SwiftBigInteger.swift */,
				OBJ_14 /* SwiftBigIntOperators.swift */,
			);
			path = SwiftBigInteger;
			sourceTree = "<group>";
		};
		OBJ_15 /* Tests */ = {
			isa = PBXGroup;
			children = (
				OBJ_16 /* SwiftBigIntTests */,
			);
			name = Tests;
			sourceTree = SOURCE_ROOT;
		};
		OBJ_16 /* SwiftBigIntTests */ = {
			isa = PBXGroup;
			children = (
				OBJ_17 /* TestSwiftBigInt.swift */,
			);
			name = SwiftBigIntTests;
			path = Tests/SwiftBigIntTests;
			sourceTree = SOURCE_ROOT;
		};
		OBJ_18 /* Dependencies */ = {
			isa = PBXGroup;
			children = (
				OBJ_19 /* LibTomMathSwift 1.0.0 */,
			);
			name = Dependencies;
			sourceTree = "<group>";
		};
		OBJ_19 /* LibTomMathSwift 1.0.0 */ = {
			isa = PBXGroup;
			children = (
			);
			name = "LibTomMathSwift 1.0.0";
			path = ".build/checkouts/LibTomMathSwift-6087333185385391638";
			sourceTree = SOURCE_ROOT;
		};
		OBJ_20 /* Products */ = {
			isa = PBXGroup;
			children = (
				OBJ_21 /* SwiftBigInt.framework */,
				OBJ_22 /* SwiftBigIntTests.xctest */,
			);
			name = Products;
			sourceTree = BUILT_PRODUCTS_DIR;
		};
		OBJ_5 /*  */ = {
			isa = PBXGroup;
			children = (
				OBJ_6 /* Package.swift */,
				OBJ_7 /* Sources */,
				OBJ_15 /* Tests */,
				OBJ_18 /* Dependencies */,
				OBJ_20 /* Products */,
			);
			name = "";
			sourceTree = "<group>";
		};
		OBJ_7 /* Sources */ = {
			isa = PBXGroup;
			children = (
				OBJ_8 /* SwiftBigInt */,
			);
			name = Sources;
			sourceTree = SOURCE_ROOT;
		};
		OBJ_8 /* SwiftBigInt */ = {
			isa = PBXGroup;
			children = (
				OBJ_9 /* SwiftBigDecimal */,
				OBJ_12 /* SwiftBigInteger */,
			);
			name = SwiftBigInt;
			path = Source/SwiftBigInt;
			sourceTree = SOURCE_ROOT;
		};
		OBJ_9 /* SwiftBigDecimal */ = {
			isa = PBXGroup;
			children = (
				OBJ_10 /* SwiftBigDecimal.swift */,
				OBJ_11 /* SwiftBigDecimalOperators.swift */,
			);
			path = SwiftBigDecimal;
			sourceTree = "<group>";
		};
/* End PBXGroup section */

/* Begin PBXNativeTarget section */
		OBJ_23 /* SwiftBigInt */ = {
			isa = PBXNativeTarget;
			buildConfigurationList = OBJ_24 /* Build configuration list for PBXNativeTarget "SwiftBigInt" */;
			buildPhases = (
				OBJ_27 /* Sources */,
				OBJ_32 /* Frameworks */,
			);
			buildRules = (
			);
			dependencies = (
			);
			name = SwiftBigInt;
			productName = SwiftBigInt;
			productReference = OBJ_21 /* SwiftBigInt.framework */;
			productType = "com.apple.product-type.framework";
		};
		OBJ_33 /* SwiftBigIntTests */ = {
			isa = PBXNativeTarget;
			buildConfigurationList = OBJ_34 /* Build configuration list for PBXNativeTarget "SwiftBigIntTests" */;
			buildPhases = (
				OBJ_37 /* Sources */,
				OBJ_39 /* Frameworks */,
			);
			buildRules = (
			);
			dependencies = (
				OBJ_41 /* PBXTargetDependency */,
			);
			name = SwiftBigIntTests;
			productName = SwiftBigIntTests;
			productReference = OBJ_22 /* SwiftBigIntTests.xctest */;
			productType = "com.apple.product-type.bundle.unit-test";
		};
/* End PBXNativeTarget section */

/* Begin PBXProject section */
		OBJ_1 /* Project object */ = {
			isa = PBXProject;
			attributes = {
				LastUpgradeCheck = 9999;
			};
			buildConfigurationList = OBJ_2 /* Build configuration list for PBXProject "SwiftBigInt" */;
			compatibilityVersion = "Xcode 3.2";
			developmentRegion = English;
			hasScannedForEncodings = 0;
			knownRegions = (
				en,
			);
			mainGroup = OBJ_5 /*  */;
			productRefGroup = OBJ_20 /* Products */;
			projectDirPath = "";
			projectRoot = "";
			targets = (
				OBJ_23 /* SwiftBigInt */,
				OBJ_33 /* SwiftBigIntTests */,
			);
		};
/* End PBXProject section */

/* Begin PBXSourcesBuildPhase section */
		OBJ_27 /* Sources */ = {
			isa = PBXSourcesBuildPhase;
			buildActionMask = 0;
			files = (
				OBJ_28 /* SwiftBigDecimal.swift in Sources */,
				OBJ_29 /* SwiftBigDecimalOperators.swift in Sources */,
				OBJ_30 /* SwiftBigInteger.swift in Sources */,
				OBJ_31 /* SwiftBigIntOperators.swift in Sources */,
			);
			runOnlyForDeploymentPostprocessing = 0;
		};
		OBJ_37 /* Sources */ = {
			isa = PBXSourcesBuildPhase;
			buildActionMask = 0;
			files = (
				OBJ_38 /* TestSwiftBigInt.swift in Sources */,
			);
			runOnlyForDeploymentPostprocessing = 0;
		};
/* End PBXSourcesBuildPhase section */

/* Begin PBXTargetDependency section */
		OBJ_41 /* PBXTargetDependency */ = {
			isa = PBXTargetDependency;
			target = OBJ_23 /* SwiftBigInt */;
			targetProxy = 74DAF1FD1EDC53750005ED1A /* PBXContainerItemProxy */;
		};
/* End PBXTargetDependency section */

/* Begin XCBuildConfiguration section */
		OBJ_25 /* Debug */ = {
			isa = XCBuildConfiguration;
			buildSettings = {
				ENABLE_TESTABILITY = YES;
				FRAMEWORK_SEARCH_PATHS = (
					"$(inherited)",
					"$(PLATFORM_DIR)/Developer/Library/Frameworks",
				);
				HEADER_SEARCH_PATHS = (
					"$(inherited)",
					"$(SRCROOT)/.build/checkouts/LibTomMathSwift-6087333185385391638",
				);
				INFOPLIST_FILE = SwiftBigInt.xcodeproj/SwiftBigInt_Info.plist;
				LD_RUNPATH_SEARCH_PATHS = "$(TOOLCHAIN_DIR)/usr/lib/swift/macosx";
				OTHER_LDFLAGS = "$(inherited)";
				OTHER_SWIFT_FLAGS = "$(inherited)";
				PRODUCT_BUNDLE_IDENTIFIER = SwiftBigInt;
				PRODUCT_MODULE_NAME = "$(TARGET_NAME:c99extidentifier)";
				PRODUCT_NAME = "$(TARGET_NAME:c99extidentifier)";
				SKIP_INSTALL = YES;
				TARGET_NAME = SwiftBigInt;
			};
			name = Debug;
		};
		OBJ_26 /* Release */ = {
			isa = XCBuildConfiguration;
			buildSettings = {
				ENABLE_TESTABILITY = YES;
				FRAMEWORK_SEARCH_PATHS = (
					"$(inherited)",
					"$(PLATFORM_DIR)/Developer/Library/Frameworks",
				);
				HEADER_SEARCH_PATHS = (
					"$(inherited)",
					"$(SRCROOT)/.build/checkouts/LibTomMathSwift-6087333185385391638",
				);
				INFOPLIST_FILE = SwiftBigInt.xcodeproj/SwiftBigInt_Info.plist;
				LD_RUNPATH_SEARCH_PATHS = "$(TOOLCHAIN_DIR)/usr/lib/swift/macosx";
				OTHER_LDFLAGS = "$(inherited)";
				OTHER_SWIFT_FLAGS = "$(inherited)";
				PRODUCT_BUNDLE_IDENTIFIER = SwiftBigInt;
				PRODUCT_MODULE_NAME = "$(TARGET_NAME:c99extidentifier)";
				PRODUCT_NAME = "$(TARGET_NAME:c99extidentifier)";
				SKIP_INSTALL = YES;
				TARGET_NAME = SwiftBigInt;
			};
			name = Release;
		};
		OBJ_3 /* Debug */ = {
			isa = XCBuildConfiguration;
			buildSettings = {
				CLANG_ENABLE_OBJC_ARC = YES;
				COMBINE_HIDPI_IMAGES = YES;
				COPY_PHASE_STRIP = NO;
				DEBUG_INFORMATION_FORMAT = dwarf;
				DYLIB_INSTALL_NAME_BASE = "@rpath";
				ENABLE_NS_ASSERTIONS = YES;
				GCC_OPTIMIZATION_LEVEL = 0;
				HEADER_SEARCH_PATHS = /usr/local/include/;
				LIBRARY_SEARCH_PATHS = /usr/local/lib/;
				MACOSX_DEPLOYMENT_TARGET = 10.10;
				ONLY_ACTIVE_ARCH = YES;
				OTHER_SWIFT_FLAGS = "-DXcode";
				PRODUCT_NAME = "$(TARGET_NAME)";
				SDKROOT = macosx;
				SUPPORTED_PLATFORMS = "macosx iphoneos iphonesimulator appletvos appletvsimulator watchos watchsimulator";
				SWIFT_ACTIVE_COMPILATION_CONDITIONS = SWIFT_PACKAGE;
				SWIFT_OPTIMIZATION_LEVEL = "-Onone";
				SWIFT_VERSION = 3.0;
				USE_HEADERMAP = NO;
			};
			name = Debug;
		};
		OBJ_35 /* Debug */ = {
			isa = XCBuildConfiguration;
			buildSettings = {
				EMBEDDED_CONTENT_CONTAINS_SWIFT = YES;
				FRAMEWORK_SEARCH_PATHS = (
					"$(inherited)",
					"$(PLATFORM_DIR)/Developer/Library/Frameworks",
				);
				HEADER_SEARCH_PATHS = (
					"$(inherited)",
					"$(SRCROOT)/.build/checkouts/LibTomMathSwift-6087333185385391638",
				);
				INFOPLIST_FILE = SwiftBigInt.xcodeproj/SwiftBigIntTests_Info.plist;
				LD_RUNPATH_SEARCH_PATHS = "@loader_path/../Frameworks @loader_path/Frameworks";
				OTHER_LDFLAGS = "$(inherited)";
				OTHER_SWIFT_FLAGS = "$(inherited)";
				TARGET_NAME = SwiftBigIntTests;
			};
			name = Debug;
		};
		OBJ_36 /* Release */ = {
			isa = XCBuildConfiguration;
			buildSettings = {
				EMBEDDED_CONTENT_CONTAINS_SWIFT = YES;
				FRAMEWORK_SEARCH_PATHS = (
					"$(inherited)",
					"$(PLATFORM_DIR)/Developer/Library/Frameworks",
				);
				HEADER_SEARCH_PATHS = (
					"$(inherited)",
					"$(SRCROOT)/.build/checkouts/LibTomMathSwift-6087333185385391638",
				);
				INFOPLIST_FILE = SwiftBigInt.xcodeproj/SwiftBigIntTests_Info.plist;
				LD_RUNPATH_SEARCH_PATHS = "@loader_path/../Frameworks @loader_path/Frameworks";
				OTHER_LDFLAGS = "$(inherited)";
				OTHER_SWIFT_FLAGS = "$(inherited)";
				TARGET_NAME = SwiftBigIntTests;
			};
			name = Release;
		};
		OBJ_4 /* Release */ = {
			isa = XCBuildConfiguration;
			buildSettings = {
				CLANG_ENABLE_OBJC_ARC = YES;
				COMBINE_HIDPI_IMAGES = YES;
				COPY_PHASE_STRIP = YES;
				DEBUG_INFORMATION_FORMAT = "dwarf-with-dsym";
				DYLIB_INSTALL_NAME_BASE = "@rpath";
				GCC_OPTIMIZATION_LEVEL = s;
				HEADER_SEARCH_PATHS = /usr/local/include/;
				LIBRARY_SEARCH_PATHS = /usr/local/lib/;
				MACOSX_DEPLOYMENT_TARGET = 10.10;
				OTHER_SWIFT_FLAGS = "-DXcode";
				PRODUCT_NAME = "$(TARGET_NAME)";
				SDKROOT = macosx;
				SUPPORTED_PLATFORMS = "macosx iphoneos iphonesimulator appletvos appletvsimulator watchos watchsimulator";
				SWIFT_ACTIVE_COMPILATION_CONDITIONS = SWIFT_PACKAGE;
				SWIFT_OPTIMIZATION_LEVEL = "-Owholemodule";
				SWIFT_VERSION = 3.0;
				USE_HEADERMAP = NO;
			};
			name = Release;
		};
/* End XCBuildConfiguration section */

/* Begin XCConfigurationList section */
		OBJ_2 /* Build configuration list for PBXProject "SwiftBigInt" */ = {
			isa = XCConfigurationList;
			buildConfigurations = (
				OBJ_3 /* Debug */,
				OBJ_4 /* Release */,
			);
			defaultConfigurationIsVisible = 0;
			defaultConfigurationName = Debug;
		};
		OBJ_24 /* Build configuration list for PBXNativeTarget "SwiftBigInt" */ = {
			isa = XCConfigurationList;
			buildConfigurations = (
				OBJ_25 /* Debug */,
				OBJ_26 /* Release */,
			);
			defaultConfigurationIsVisible = 0;
			defaultConfigurationName = Debug;
		};
		OBJ_34 /* Build configuration list for PBXNativeTarget "SwiftBigIntTests" */ = {
			isa = XCConfigurationList;
			buildConfigurations = (
				OBJ_35 /* Debug */,
				OBJ_36 /* Release */,
			);
			defaultConfigurationIsVisible = 0;
			defaultConfigurationName = Debug;
		};
/* End XCConfigurationList section */
	};
	rootObject = OBJ_1 /* Project object */;
}
